
Microsoft Visual Studio Solution File, Format Version 12.00
# Visual Studio Version 17
VisualStudioVersion = 17.14.36221.1
MinimumVisualStudioVersion = 10.0.40219.1
Project("{FAE04EC0-301F-11D3-BF4B-00C04F79EFBC}") = "BuilderPattern", "BuilderPattern\BuilderPattern.csproj", "{ACB8E89F-8760-4856-BEE4-2B40DCF5926D}"
EndProject
Project("{FAE04EC0-301F-11D3-BF4B-00C04F79EFBC}") = "StrategyPattern", "StrategyPattern\StrategyPattern.csproj", "{7B105A2C-E6C6-4529-9EED-4594A7400A62}"
EndProject
Project("{FAE04EC0-301F-11D3-BF4B-00C04F79EFBC}") = "ObserverPattern", "ObserverPattern\ObserverPattern.csproj", "{3A505569-0EF6-422B-8DB4-3BEEA6707D1D}"
EndProject
Project("{FAE04EC0-301F-11D3-BF4B-00C04F79EFBC}") = "StatePattern", "StatePattern\StatePattern.csproj", "{FC687885-D628-495D-928B-6BA9E85C7057}"
EndProject
Global
	GlobalSection(SolutionConfigurationPlatforms) = preSolution
		Debug|Any CPU = Debug|Any CPU
		Release|Any CPU = Release|Any CPU
	EndGlobalSection
	GlobalSection(ProjectConfigurationPlatforms) = postSolution
		{ACB8E89F-8760-4856-BEE4-2B40DCF5926D}.Debug|Any CPU.ActiveCfg = Debug|Any CPU
		{ACB8E89F-8760-4856-BEE4-2B40DCF5926D}.Debug|Any CPU.Build.0 = Debug|Any CPU
		{ACB8E89F-8760-4856-BEE4-2B40DCF5926D}.Release|Any CPU.ActiveCfg = Release|Any CPU
		{ACB8E89F-8760-4856-BEE4-2B40DCF5926D}.Release|Any CPU.Build.0 = Release|Any CPU
		{7B105A2C-E6C6-4529-9EED-4594A7400A62}.Debug|Any CPU.ActiveCfg = Debug|Any CPU
		{7B105A2C-E6C6-4529-9EED-4594A7400A62}.Debug|Any CPU.Build.0 = Debug|Any CPU
		{7B105A2C-E6C6-4529-9EED-4594A7400A62}.Release|Any CPU.ActiveCfg = Release|Any CPU
		{7B105A2C-E6C6-4529-9EED-4594A7400A62}.Release|Any CPU.Build.0 = Release|Any CPU
		{3A505569-0EF6-422B-8DB4-3BEEA6707D1D}.Debug|Any CPU.ActiveCfg = Debug|Any CPU
		{3A505569-0EF6-422B-8DB4-3BEEA6707D1D}.Debug|Any CPU.Build.0 = Debug|Any CPU
		{3A505569-0EF6-422B-8DB4-3BEEA6707D1D}.Release|Any CPU.ActiveCfg = Release|Any CPU
		{3A505569-0EF6-422B-8DB4-3BEEA6707D1D}.Release|Any CPU.Build.0 = Release|Any CPU
		{FC687885-D628-495D-928B-6BA9E85C7057}.Debug|Any CPU.ActiveCfg = Debug|Any CPU
		{FC687885-D628-495D-928B-6BA9E85C7057}.Debug|Any CPU.Build.0 = Debug|Any CPU
		{FC687885-D628-495D-928B-6BA9E85C7057}.Release|Any CPU.ActiveCfg = Release|Any CPU
		{FC687885-D628-495D-928B-6BA9E85C7057}.Release|Any CPU.Build.0 = Release|Any CPU
	EndGlobalSection
	GlobalSection(SolutionProperties) = preSolution
		HideSolutionNode = FALSE
	EndGlobalSection
	GlobalSection(ExtensibilityGlobals) = postSolution
		SolutionGuid = {43947B5A-B1AF-4592-9916-266825E98195}
	EndGlobalSection
EndGlobal
